
# cargo-vet imports lock

[[publisher.anstream]]
version = "0.6.20"
when = "2025-08-05"
user-id = 6743
user-login = "epage"
user-name = "Ed Page"

[[publisher.anstyle]]
version = "1.0.11"
when = "2025-06-04"
user-id = 6743
user-login = "epage"
user-name = "Ed Page"

[[publisher.anstyle-parse]]
version = "0.2.7"
when = "2025-06-04"
user-id = 6743
user-login = "epage"
user-name = "Ed Page"

[[publisher.anstyle-query]]
version = "1.1.4"
when = "2025-08-05"
user-id = 6743
user-login = "epage"
user-name = "Ed Page"

[[publisher.anstyle-wincon]]
version = "3.0.10"
when = "2025-08-05"
user-id = 6743
user-login = "epage"
user-name = "Ed Page"

[[publisher.clap]]
version = "4.5.43"
when = "2025-08-06"
user-id = 6743
user-login = "epage"
user-name = "Ed Page"

[[publisher.clap_builder]]
version = "4.5.43"
when = "2025-08-06"
user-id = 6743
user-login = "epage"
user-name = "Ed Page"

[[publisher.clap_derive]]
version = "4.5.41"
when = "2025-07-09"
user-id = 6743
user-login = "epage"
user-name = "Ed Page"

[[publisher.clap_lex]]
version = "0.7.5"
when = "2025-06-09"
user-id = 6743
user-login = "epage"
user-name = "Ed Page"

[[publisher.colorchoice]]
version = "1.0.4"
when = "2025-06-04"
user-id = 6743
user-login = "epage"
user-name = "Ed Page"

[[publisher.core-foundation]]
version = "0.10.1"
when = "2025-05-26"
user-id = 2396
user-login = "jdm"
user-name = "Josh Matthews"

[[publisher.is_terminal_polyfill]]
version = "1.70.1"
when = "2024-07-25"
user-id = 6743
user-login = "epage"
user-name = "Ed Page"

[[publisher.libc]]
version = "0.2.174"
when = "2025-06-17"
user-id = 55123
user-login = "rust-lang-owner"

[[publisher.mach2]]
version = "0.4.3"
when = "2025-06-22"
user-id = 51017
user-login = "JohnTitor"
user-name = "Yuki Okushi"

[[publisher.once_cell_polyfill]]
version = "1.70.1"
when = "2025-05-22"
user-id = 6743
user-login = "epage"
user-name = "Ed Page"

[[publisher.pkg-config]]
version = "0.3.32"
when = "2025-03-03"
user-id = 3623
user-login = "sdroege"
user-name = "Sebastian Dröge"

[[publisher.proc-macro2]]
version = "1.0.92"
when = "2024-11-21"
user-id = 3618
user-login = "dtolnay"
user-name = "David Tolnay"

[[publisher.quote]]
version = "1.0.37"
when = "2024-08-22"
user-id = 3618
user-login = "dtolnay"
user-name = "David Tolnay"

[[publisher.scopeguard]]
version = "1.2.0"
when = "2023-07-17"
user-id = 2915
user-login = "Amanieu"
user-name = "Amanieu d'Antras"

[[publisher.syn]]
version = "2.0.104"
when = "2025-06-20"
user-id = 3618
user-login = "dtolnay"
user-name = "David Tolnay"

[[publisher.thiserror]]
version = "2.0.12"
when = "2025-03-03"
user-id = 3618
user-login = "dtolnay"
user-name = "David Tolnay"

[[publisher.thiserror-impl]]
version = "2.0.12"
when = "2025-03-03"
user-id = 3618
user-login = "dtolnay"
user-name = "David Tolnay"

[[publisher.thread_local]]
version = "1.1.8"
when = "2024-02-20"
user-id = 2915
user-login = "Amanieu"
user-name = "Amanieu d'Antras"

[[publisher.unicode-ident]]
version = "1.0.14"
when = "2024-11-20"
user-id = 3618
user-login = "dtolnay"
user-name = "David Tolnay"

[[publisher.valuable]]
version = "0.1.0"
when = "2022-01-03"
user-id = 10
user-login = "carllerche"
user-name = "Carl Lerche"

[[publisher.windows-link]]
version = "0.1.3"
when = "2025-06-12"
user-id = 64539
user-login = "kennykerr"
user-name = "Kenny Kerr"

[[publisher.windows-sys]]
version = "0.60.2"
when = "2025-06-12"
user-id = 64539
user-login = "kennykerr"
user-name = "Kenny Kerr"

[[publisher.windows-targets]]
version = "0.53.3"
when = "2025-07-28"
user-id = 64539
user-login = "kennykerr"
user-name = "Kenny Kerr"

[[publisher.windows_aarch64_gnullvm]]
version = "0.53.0"
when = "2025-01-07"
user-id = 64539
user-login = "kennykerr"
user-name = "Kenny Kerr"

[[publisher.windows_aarch64_msvc]]
version = "0.53.0"
when = "2025-01-07"
user-id = 64539
user-login = "kennykerr"
user-name = "Kenny Kerr"

[[publisher.windows_i686_gnu]]
version = "0.53.0"
when = "2025-01-07"
user-id = 64539
user-login = "kennykerr"
user-name = "Kenny Kerr"

[[publisher.windows_i686_gnullvm]]
version = "0.53.0"
when = "2025-01-07"
user-id = 64539
user-login = "kennykerr"
user-name = "Kenny Kerr"

[[publisher.windows_i686_msvc]]
version = "0.53.0"
when = "2025-01-07"
user-id = 64539
user-login = "kennykerr"
user-name = "Kenny Kerr"

[[publisher.windows_x86_64_gnu]]
version = "0.53.0"
when = "2025-01-07"
user-id = 64539
user-login = "kennykerr"
user-name = "Kenny Kerr"

[[publisher.windows_x86_64_gnullvm]]
version = "0.53.0"
when = "2025-01-07"
user-id = 64539
user-login = "kennykerr"
user-name = "Kenny Kerr"

[[publisher.windows_x86_64_msvc]]
version = "0.53.0"
when = "2025-01-07"
user-id = 64539
user-login = "kennykerr"
user-name = "Kenny Kerr"

[[audits.bytecode-alliance.audits.bitflags]]
who = "Jamey Sharp <jsharp@fastly.com>"
criteria = "safe-to-deploy"
delta = "2.1.0 -> 2.2.1"
notes = """
This version adds unsafe impls of traits from the bytemuck crate when built
with that library enabled, but I believe the impls satisfy the documented
safety requirements for bytemuck. The other changes are minor.
"""

[[audits.bytecode-alliance.audits.bitflags]]
who = "Alex Crichton <alex@alexcrichton.com>"
criteria = "safe-to-deploy"
delta = "2.3.2 -> 2.3.3"
notes = """
Nothing outside the realm of what one would expect from a bitflags generator,
all as expected.
"""

[[audits.bytecode-alliance.audits.bitflags]]
who = "Alex Crichton <alex@alexcrichton.com>"
criteria = "safe-to-deploy"
delta = "2.4.1 -> 2.6.0"
notes = """
Changes in how macros are invoked and various bits and pieces of macro-fu.
Otherwise no major changes and nothing dealing with `unsafe`.
"""

[[audits.bytecode-alliance.audits.cfg-if]]
who = "Alex Crichton <alex@alexcrichton.com>"
criteria = "safe-to-deploy"
version = "1.0.0"
notes = "I am the author of this crate."

[[audits.bytecode-alliance.audits.heck]]
who = "Alex Crichton <alex@alexcrichton.com>"
criteria = "safe-to-deploy"
version = "0.4.0"
notes = "Contains `forbid_unsafe` and only uses `std::fmt` from the standard library. Otherwise only contains string manipulation."

[[audits.bytecode-alliance.audits.log]]
who = "Alex Crichton <alex@alexcrichton.com>"
criteria = "safe-to-deploy"
delta = "0.4.22 -> 0.4.27"
notes = "Lots of minor updates to macros and such, nothing touching `unsafe`"

[[audits.bytecode-alliance.audits.nu-ansi-term]]
who = "Pat Hickey <phickey@fastly.com>"
criteria = "safe-to-deploy"
version = "0.46.0"
notes = "one use of unsafe to call windows specific api to get console handle."

[[audits.bytecode-alliance.audits.overload]]
who = "Pat Hickey <phickey@fastly.com>"
criteria = "safe-to-deploy"
version = "0.1.1"
notes = "small crate, only defines macro-rules!, nicely documented as well"

[[audits.bytecode-alliance.audits.pin-project-lite]]
who = "Alex Crichton <alex@alexcrichton.com>"
criteria = "safe-to-deploy"
delta = "0.2.13 -> 0.2.14"
notes = "No substantive changes in this update"

[[audits.bytecode-alliance.audits.sharded-slab]]
who = "Pat Hickey <phickey@fastly.com>"
criteria = "safe-to-deploy"
version = "0.1.4"
notes = "I always really enjoy reading eliza's code, she left perfect comments at every use of unsafe."

[[audits.bytecode-alliance.audits.tracing-subscriber]]
who = "Pat Hickey <phickey@fastly.com>"
criteria = "safe-to-deploy"
version = "0.3.17"

[audits.fermyon.audits]

[[audits.google.audits.bitflags]]
who = "Lukasz Anforowicz <lukasza@chromium.org>"
criteria = "safe-to-deploy"
version = "1.3.2"
notes = """
Security review of earlier versions of the crate can be found at
(Google-internal, sorry): go/image-crate-chromium-security-review

The crate exposes a function marked as `unsafe`, but doesn't use any
`unsafe` blocks (except for tests of the single `unsafe` function).  I
think this justifies marking this crate as `ub-risk-1`.

Additional review comments can be found at https://crrev.com/c/4723145/31
"""
aggregated-from = "https://chromium.googlesource.com/chromium/src/+/main/third_party/rust/chromium_crates_io/supply-chain/audits.toml?format=TEXT"

[[audits.google.audits.bitflags]]
who = "Lukasz Anforowicz <lukasza@chromium.org>"
criteria = "safe-to-deploy"
delta = "2.6.0 -> 2.8.0"
notes = "No changes related to `unsafe impl ... bytemuck` pieces from `src/external.rs`."
aggregated-from = "https://chromium.googlesource.com/chromium/src/+/main/third_party/rust/chromium_crates_io/supply-chain/audits.toml?format=TEXT"

[[audits.google.audits.bitflags]]
who = "Daniel Cheng <dcheng@chromium.org>"
criteria = "safe-to-deploy"
delta = "2.8.0 -> 2.9.0"
notes = "Adds a straightforward clear() function, but no new unsafe code."
aggregated-from = "https://chromium.googlesource.com/chromium/src/+/main/third_party/rust/chromium_crates_io/supply-chain/audits.toml?format=TEXT"

[[audits.google.audits.core-foundation-sys]]
who = "Manish Goregaokar <manishearth@google.com>"
criteria = "safe-to-deploy"
version = "0.8.7"
notes = "OSX system APIs"
aggregated-from = "https://chromium.googlesource.com/chromium/src/+/main/third_party/rust/chromium_crates_io/supply-chain/audits.toml?format=TEXT"

[[audits.google.audits.lazy_static]]
who = "Lukasz Anforowicz <lukasza@chromium.org>"
criteria = "safe-to-deploy"
version = "1.4.0"
notes = '''
I grepped for \"crypt\", \"cipher\", \"fs\", \"net\" - there were no hits.

There are two places where `unsafe` is used.  Unsafe review notes can be found
in https://crrev.com/c/5347418.

This crate has been added to Chromium in https://crrev.com/c/3321895.
'''
aggregated-from = "https://chromium.googlesource.com/chromium/src/+/main/third_party/rust/chromium_crates_io/supply-chain/audits.toml?format=TEXT"

[[audits.google.audits.lazy_static]]
who = "Lukasz Anforowicz <lukasza@chromium.org>"
criteria = "safe-to-deploy"
delta = "1.4.0 -> 1.5.0"
notes = "Unsafe review notes: https://crrev.com/c/5650836"
aggregated-from = "https://chromium.googlesource.com/chromium/src/+/main/third_party/rust/chromium_crates_io/supply-chain/audits.toml?format=TEXT"

[[audits.google.audits.log]]
who = "danakj <danakj@chromium.org>"
criteria = "safe-to-deploy"
version = "0.4.22"
notes = """
Unsafe review in https://docs.google.com/document/d/1IXQbD1GhTRqNHIGxq6yy7qHqxeO4CwN5noMFXnqyDIM/edit?usp=sharing

Unsafety is generally very well-documented, with one exception, which we
describe in the review doc.
"""
aggregated-from = "https://chromium.googlesource.com/chromium/src/+/main/third_party/rust/chromium_crates_io/supply-chain/audits.toml?format=TEXT"

[[audits.google.audits.pin-project-lite]]
who = "David Koloski <dkoloski@google.com>"
criteria = "safe-to-deploy"
version = "0.2.9"
notes = "Reviewed on https://fxrev.dev/824504"
aggregated-from = "https://fuchsia.googlesource.com/fuchsia/+/refs/heads/main/third_party/rust_crates/supply-chain/audits.toml?format=TEXT"

[[audits.google.audits.pin-project-lite]]
who = "David Koloski <dkoloski@google.com>"
criteria = "safe-to-deploy"
delta = "0.2.9 -> 0.2.13"
notes = "Audited at https://fxrev.dev/946396"
aggregated-from = "https://fuchsia.googlesource.com/fuchsia/+/refs/heads/main/third_party/rust_crates/supply-chain/audits.toml?format=TEXT"

[[audits.google.audits.proc-macro2]]
who = "Lukasz Anforowicz <lukasza@chromium.org>"
criteria = "safe-to-deploy"
delta = "1.0.92 -> 1.0.93"
notes = "No `unsafe`-related changes."
aggregated-from = "https://chromium.googlesource.com/chromium/src/+/main/third_party/rust/chromium_crates_io/supply-chain/audits.toml?format=TEXT"

[[audits.google.audits.proc-macro2]]
who = "Daniel Cheng <dcheng@chromium.org>"
criteria = "safe-to-deploy"
delta = "1.0.93 -> 1.0.94"
notes = "Minor doc changes and clippy lint adjustments+fixes."
aggregated-from = "https://chromium.googlesource.com/chromium/src/+/main/third_party/rust/chromium_crates_io/supply-chain/audits.toml?format=TEXT"

[[audits.google.audits.quote]]
who = "Dustin J. Mitchell <djmitche@chromium.org>"
criteria = "safe-to-deploy"
delta = "1.0.37 -> 1.0.38"
notes = "Still no unsafe"
aggregated-from = "https://chromium.googlesource.com/chromium/src/+/main/third_party/rust/chromium_crates_io/supply-chain/audits.toml?format=TEXT"

[[audits.google.audits.quote]]
who = "Daniel Cheng <dcheng@chromium.org>"
criteria = "safe-to-deploy"
delta = "1.0.38 -> 1.0.39"
notes = "Only minor changes for clippy lints and documentation."
aggregated-from = "https://chromium.googlesource.com/chromium/src/+/main/third_party/rust/chromium_crates_io/supply-chain/audits.toml?format=TEXT"

[[audits.google.audits.quote]]
who = "Lukasz Anforowicz <lukasza@chromium.org>"
criteria = "safe-to-deploy"
delta = "1.0.39 -> 1.0.40"
notes = """
The delta is just a simplification of how `tokens.extend(...)` call is made.
Still no `unsafe` anywhere.
"""
aggregated-from = "https://chromium.googlesource.com/chromium/src/+/main/third_party/rust/chromium_crates_io/supply-chain/audits.toml?format=TEXT"

[[audits.google.audits.smallvec]]
who = "Manish Goregaokar <manishearth@google.com>"
criteria = "safe-to-deploy"
version = "1.13.2"
aggregated-from = "https://chromium.googlesource.com/chromium/src/+/main/third_party/rust/chromium_crates_io/supply-chain/audits.toml?format=TEXT"

[[audits.google.audits.smallvec]]
who = "Jonathan Hao <phao@chromium.org>"
criteria = "safe-to-deploy"
delta = "1.13.2 -> 1.14.0"
notes = """
WARNING: This certification is a result of a **partial** audit. The
`malloc_size_of` feature has **not** been audited. This feature does
not explicitly document its safety requirements.
See also https://chromium-review.googlesource.com/c/chromium/src/+/6275133/comment/ea0d7a93_98051a2e/
and https://github.com/servo/malloc_size_of/issues/8.
This feature is banned in gnrt_config.toml.
"""
aggregated-from = "https://chromium.googlesource.com/chromium/src/+/main/third_party/rust/chromium_crates_io/supply-chain/audits.toml?format=TEXT"

[[audits.google.audits.strsim]]
who = "danakj@chromium.org"
criteria = "safe-to-deploy"
version = "0.10.0"
notes = """
Reviewed in https://crrev.com/c/5171063

Previously reviewed during security review and the audit is grandparented in.
"""
aggregated-from = "https://chromium.googlesource.com/chromium/src/+/main/third_party/rust/chromium_crates_io/supply-chain/audits.toml?format=TEXT"

[[audits.google.audits.unicode-ident]]
who = "Adrian Taylor <adetaylor@chromium.org>"
criteria = "safe-to-deploy"
delta = "1.0.14 -> 1.0.15"
notes = "No changes relevant to any of these criteria."
aggregated-from = "https://chromium.googlesource.com/chromium/src/+/main/third_party/rust/chromium_crates_io/supply-chain/audits.toml?format=TEXT"

[[audits.google.audits.unicode-ident]]
who = "Liza Burakova <liza@chromium.org>"
criteria = "safe-to-deploy"
delta = "1.0.15 -> 1.0.16"
aggregated-from = "https://chromium.googlesource.com/chromium/src/+/main/third_party/rust/chromium_crates_io/supply-chain/audits.toml?format=TEXT"

[[audits.google.audits.unicode-ident]]
who = "Daniel Cheng <dcheng@chromium.org>"
criteria = "safe-to-deploy"
delta = "1.0.16 -> 1.0.18"
notes = "Only minor comment and documentation updates."
aggregated-from = "https://chromium.googlesource.com/chromium/src/+/main/third_party/rust/chromium_crates_io/supply-chain/audits.toml?format=TEXT"

[[audits.google.audits.utf8parse]]
who = "David Koloski <dkoloski@google.com>"
criteria = "safe-to-deploy"
version = "0.2.1"
notes = "Reviewed on https://fxrev.dev/904811"
aggregated-from = "https://fuchsia.googlesource.com/fuchsia/+/refs/heads/main/third_party/rust_crates/supply-chain/audits.toml?format=TEXT"

[[audits.isrg.audits.cfg-if]]
who = "David Cook <dcook@divviup.org>"
criteria = "safe-to-deploy"
delta = "1.0.0 -> 1.0.1"

[[audits.isrg.audits.once_cell]]
who = "Brandon Pitman <bran@bran.land>"
criteria = "safe-to-deploy"
delta = "1.18.0 -> 1.19.0"

[[audits.isrg.audits.once_cell]]
who = "David Cook <dcook@divviup.org>"
criteria = "safe-to-deploy"
delta = "1.19.0 -> 1.20.1"

[[audits.isrg.audits.once_cell]]
who = "J.C. Jones <jc@insufficient.coffee>"
criteria = "safe-to-deploy"
delta = "1.21.1 -> 1.21.3"
notes = "The unsafe code has moved from `compare_exchange` to a new `init` function, which makes it easier to reason about."

[[audits.mozilla.audits.bitflags]]
who = "Alex Franchuk <afranchuk@mozilla.com>"
criteria = "safe-to-deploy"
delta = "1.3.2 -> 2.0.2"
notes = "Removal of some unsafe code/methods. No changes to externals, just some refactoring (mostly internal)."
aggregated-from = "https://hg.mozilla.org/mozilla-central/raw-file/tip/supply-chain/audits.toml"

[[audits.mozilla.audits.bitflags]]
who = "Nicolas Silva <nical@fastmail.com>"
criteria = "safe-to-deploy"
delta = "2.0.2 -> 2.1.0"
aggregated-from = "https://hg.mozilla.org/mozilla-central/raw-file/tip/supply-chain/audits.toml"

[[audits.mozilla.audits.bitflags]]
who = "Teodor Tanasoaia <ttanasoaia@mozilla.com>"
criteria = "safe-to-deploy"
delta = "2.2.1 -> 2.3.2"
aggregated-from = "https://hg.mozilla.org/mozilla-central/raw-file/tip/supply-chain/audits.toml"

[[audits.mozilla.audits.bitflags]]
who = "Mike Hommey <mh+mozilla@glandium.org>"
criteria = "safe-to-deploy"
delta = "2.3.3 -> 2.4.0"
aggregated-from = "https://hg.mozilla.org/mozilla-central/raw-file/tip/supply-chain/audits.toml"

[[audits.mozilla.audits.bitflags]]
who = "Jan-Erik Rediger <jrediger@mozilla.com>"
criteria = "safe-to-deploy"
delta = "2.4.0 -> 2.4.1"
notes = "Only allowing new clippy lints"
aggregated-from = "https://raw.githubusercontent.com/mozilla/glean/main/supply-chain/audits.toml"

[[audits.mozilla.audits.bitflags]]
who = "Nika Layzell <nika@thelayzells.com>"
criteria = "safe-to-deploy"
delta = "2.9.0 -> 2.9.1"
aggregated-from = "https://raw.githubusercontent.com/mozilla/cargo-vet/main/supply-chain/audits.toml"

[[audits.mozilla.audits.heck]]
who = "Mike Hommey <mh+mozilla@glandium.org>"
criteria = "safe-to-deploy"
delta = "0.4.0 -> 0.4.1"
aggregated-from = "https://hg.mozilla.org/mozilla-central/raw-file/tip/supply-chain/audits.toml"

[[audits.mozilla.audits.once_cell]]
who = "Erich Gubler <erichdongubler@gmail.com>"
criteria = "safe-to-deploy"
delta = "1.20.1 -> 1.20.2"
notes = "This update works around a Cargo bug that forces the addition of `portable-atomic` into a lockfile, which we have never needed to use."
aggregated-from = "https://hg.mozilla.org/mozilla-central/raw-file/tip/supply-chain/audits.toml"

[[audits.mozilla.audits.once_cell]]
who = "Erich Gubler <erichdongubler@gmail.com>"
criteria = "safe-to-deploy"
delta = "1.20.2 -> 1.20.3"
aggregated-from = "https://hg.mozilla.org/mozilla-central/raw-file/tip/supply-chain/audits.toml"

[[audits.mozilla.audits.once_cell]]
who = "Erich Gubler <erichdongubler@gmail.com>"
criteria = "safe-to-deploy"
delta = "1.20.3 -> 1.21.1"
aggregated-from = "https://hg.mozilla.org/mozilla-central/raw-file/tip/supply-chain/audits.toml"

[[audits.mozilla.audits.pin-project-lite]]
who = "Nika Layzell <nika@thelayzells.com>"
criteria = "safe-to-deploy"
delta = "0.2.14 -> 0.2.16"
notes = """
Only functional change is to work around a bug in the negative_impls feature
(https://github.com/taiki-e/pin-project/issues/340#issuecomment-2432146009)
"""
aggregated-from = "https://raw.githubusercontent.com/mozilla/cargo-vet/main/supply-chain/audits.toml"

[[audits.mozilla.audits.tracing]]
who = "Alex Franchuk <afranchuk@mozilla.com>"
criteria = "safe-to-deploy"
version = "0.1.37"
notes = """
There's only one unsafe impl, and its purpose is to ensure correct behavior by
creating a non-Send marker type (it has nothing to do with soundness). All
dependencies make sense, and no side-effectful std functions are used.
"""
aggregated-from = "https://hg.mozilla.org/mozilla-central/raw-file/tip/supply-chain/audits.toml"

[[audits.mozilla.audits.tracing]]
who = "Mark Hammond <mhammond@skippinet.com.au>"
criteria = "safe-to-deploy"
delta = "0.1.37 -> 0.1.41"
aggregated-from = "https://hg.mozilla.org/mozilla-central/raw-file/tip/supply-chain/audits.toml"

[[audits.mozilla.audits.tracing-attributes]]
who = "Alex Franchuk <afranchuk@mozilla.com>"
criteria = "safe-to-deploy"
version = "0.1.24"
notes = "No unsafe code, macros extensively tested and produce reasonable code."
aggregated-from = "https://hg.mozilla.org/mozilla-central/raw-file/tip/supply-chain/audits.toml"

[[audits.mozilla.audits.tracing-attributes]]
who = "Mark Hammond <mhammond@skippinet.com.au>"
criteria = "safe-to-deploy"
delta = "0.1.24 -> 0.1.28"
aggregated-from = "https://hg.mozilla.org/mozilla-central/raw-file/tip/supply-chain/audits.toml"

[[audits.mozilla.audits.tracing-core]]
who = "Alex Franchuk <afranchuk@mozilla.com>"
criteria = "safe-to-deploy"
version = "0.1.30"
notes = """
Most unsafe code is in implementing non-std sync primitives. Unsafe impls are
logically correct and justified in comments, and unsafe code is sound and
justified in comments.
"""
aggregated-from = "https://hg.mozilla.org/mozilla-central/raw-file/tip/supply-chain/audits.toml"

[[audits.mozilla.audits.tracing-core]]
who = "Mark Hammond <mhammond@skippinet.com.au>"
criteria = "safe-to-deploy"
delta = "0.1.30 -> 0.1.33"
aggregated-from = "https://hg.mozilla.org/mozilla-central/raw-file/tip/supply-chain/audits.toml"

[[audits.mozilla.audits.tracing-subscriber]]
who = "Mark Hammond <mhammond@skippinet.com.au>"
criteria = "safe-to-deploy"
delta = "0.3.17 -> 0.3.19"
aggregated-from = "https://hg.mozilla.org/mozilla-central/raw-file/tip/supply-chain/audits.toml"

[[audits.zcash.audits.proc-macro2]]
who = "Jack Grigg <jack@electriccoin.co>"
criteria = "safe-to-deploy"
delta = "1.0.94 -> 1.0.95"
notes = """
Refactors code handling paths to source files, but AFAICT none of the affected
code involves filesystem access.
"""
aggregated-from = "https://raw.githubusercontent.com/zcash/zcash/master/qa/supply-chain/audits.toml"

[[audits.zcash.audits.sharded-slab]]
who = "Jack Grigg <jack@electriccoin.co>"
criteria = "safe-to-deploy"
delta = "0.1.4 -> 0.1.7"
notes = "Only change to an `unsafe` block is to fix a clippy lint."
aggregated-from = "https://raw.githubusercontent.com/zcash/zcash/master/qa/supply-chain/audits.toml"

[[audits.zcash.audits.thread_local]]
who = "Jack Grigg <jack@electriccoin.co>"
criteria = "safe-to-deploy"
delta = "1.1.8 -> 1.1.9"
aggregated-from = "https://raw.githubusercontent.com/zcash/zcash/master/qa/supply-chain/audits.toml"

[[audits.zcash.audits.valuable]]
who = "Jack Grigg <jack@electriccoin.co>"
criteria = "safe-to-deploy"
delta = "0.1.0 -> 0.1.1"
notes = "Build script changes are for linting."
aggregated-from = "https://raw.githubusercontent.com/zcash/zcash/master/qa/supply-chain/audits.toml"
